Microsoft Visual Studio Solution File, Format Version 12.00
# Visual Studio Version 17
VisualStudioVersion = 17.5.2.0
MinimumVisualStudioVersion = 10.0.40219.1
Project("{FAE04EC0-301F-11D3-BF4B-00C04F79EFBC}") = "jdPoint", "jdPoint.csproj", "{742BACA7-6C6D-2DCF-2C6E-4087A25EEF9D}"
EndProject
Global
	GlobalSection(SolutionConfigurationPlatforms) = preSolution
		Debug|Any CPU = Debug|Any CPU
		Release|Any CPU = Release|Any CPU
	EndGlobalSection
	GlobalSection(ProjectConfigurationPlatforms) = postSolution
		{742BACA7-6C6D-2DCF-2C6E-4087A25EEF9D}.Debug|Any CPU.ActiveCfg = Debug|Any CPU
		{742BACA7-6C6D-2DCF-2C6E-4087A25EEF9D}.Debug|Any CPU.Build.0 = Debug|Any CPU
		{742BACA7-6C6D-2DCF-2C6E-4087A25EEF9D}.Release|Any CPU.ActiveCfg = Release|Any CPU
		{742BACA7-6C6D-2DCF-2C6E-4087A25EEF9D}.Release|Any CPU.Build.0 = Release|Any CPU
	EndGlobalSection
	GlobalSection(SolutionProperties) = preSolution
		HideSolutionNode = FALSE
	EndGlobalSection
	GlobalSection(ExtensibilityGlobals) = postSolution
		SolutionGuid = {98794211-15FC-4EC0-83AC-B0D83773941F}
	EndGlobalSection
EndGlobal
